
Microsoft Visual Studio Solution File, Format Version 11.00
# Visual Studio 2010
Project("{FAE04EC0-301F-11D3-BF4B-00C04F79EFBC}") = "PerfTest", "PerfTest\PerfTest.csproj", "{81A1E7E6-7FD7-48F0-A5C0-47AE0CBC8346}"
EndProject
Global
	GlobalSection(SolutionConfigurationPlatforms) = preSolution
		Debug|x86 = Debug|x86
		Release|x86 = Release|x86
	EndGlobalSection
	GlobalSection(ProjectConfigurationPlatforms) = postSolution
		{81A1E7E6-7FD7-48F0-A5C0-47AE0CBC8346}.Debug|x86.ActiveCfg = Debug|x86
		{81A1E7E6-7FD7-48F0-A5C0-47AE0CBC8346}.Debug|x86.Build.0 = Debug|x86
		{81A1E7E6-7FD7-48F0-A5C0-47AE0CBC8346}.Release|x86.ActiveCfg = Release|x86
		{81A1E7E6-7FD7-48F0-A5C0-47AE0CBC8346}.Release|x86.Build.0 = Release|x86
	EndGlobalSection
	GlobalSection(SolutionProperties) = preSolution
		HideSolutionNode = FALSE
	EndGlobalSection
EndGlobal
